
Microsoft Visual Studio Solution File, Format Version 12.00
Project("{FAE04EC0-301F-11D3-BF4B-00C04F79EFBC}") = "Backend", "Backend\Backend.csproj", "{31FCF1FC-FD0D-4D59-AF6E-4BAF26644AEA}"
EndProject
Project("{FAE04EC0-301F-11D3-BF4B-00C04F79EFBC}") = "Backend.Tests", "Backend.Tests\Backend.Tests.csproj", "{0AE7C4C3-877B-4A22-85A4-BD8D8EFD580F}"
EndProject
Global
	GlobalSection(SolutionConfigurationPlatforms) = preSolution
		Debug|Any CPU = Debug|Any CPU
		Release|Any CPU = Release|Any CPU
	EndGlobalSection
	GlobalSection(ProjectConfigurationPlatforms) = postSolution
		{31FCF1FC-FD0D-4D59-AF6E-4BAF26644AEA}.Debug|Any CPU.ActiveCfg = Debug|Any CPU
		{31FCF1FC-FD0D-4D59-AF6E-4BAF26644AEA}.Debug|Any CPU.Build.0 = Debug|Any CPU
		{31FCF1FC-FD0D-4D59-AF6E-4BAF26644AEA}.Release|Any CPU.ActiveCfg = Release|Any CPU
		{31FCF1FC-FD0D-4D59-AF6E-4BAF26644AEA}.Release|Any CPU.Build.0 = Release|Any CPU
		{0AE7C4C3-877B-4A22-85A4-BD8D8EFD580F}.Debug|Any CPU.ActiveCfg = Debug|Any CPU
		{0AE7C4C3-877B-4A22-85A4-BD8D8EFD580F}.Debug|Any CPU.Build.0 = Debug|Any CPU
		{0AE7C4C3-877B-4A22-85A4-BD8D8EFD580F}.Release|Any CPU.ActiveCfg = Release|Any CPU
		{0AE7C4C3-877B-4A22-85A4-BD8D8EFD580F}.Release|Any CPU.Build.0 = Release|Any CPU
	EndGlobalSection
EndGlobal
